// !$*UTF8*$!
{
	archiveVersion = 1;
	classes = {
	};
	objectVersion = 50;
	objects = {

/* Begin PBXBuildFile section */
		466D81BD20CFB18100DA89DA /* AppDelegate.swift in Sources */ = {isa = PBXBuildFile; fileRef = 466D81BC20CFB18100DA89DA /* AppDelegate.swift */; };
		466D81C220CFB18100DA89DA /* Main.storyboard in Resources */ = {isa = PBXBuildFile; fileRef = 466D81C020CFB18100DA89DA /* Main.storyboard */; };
		466D81C420CFB18200DA89DA /* Assets.xcassets in Resources */ = {isa = PBXBuildFile; fileRef = 466D81C320CFB18200DA89DA /* Assets.xcassets */; };
		466D81C720CFB18200DA89DA /* LaunchScreen.storyboard in Resources */ = {isa = PBXBuildFile; fileRef = 466D81C520CFB18200DA89DA /* LaunchScreen.storyboard */; };
		466D81D220CFB18300DA89DA /* ImageFeedTests.swift in Sources */ = {isa = PBXBuildFile; fileRef = 466D81D120CFB18300DA89DA /* ImageFeedTests.swift */; };
		466D81E220CFB6EA00DA89DA /* RequestFactory.swift in Sources */ = {isa = PBXBuildFile; fileRef = 466D81E120CFB6EA00DA89DA /* RequestFactory.swift */; };
		466D81E520CFB7DF00DA89DA /* Constants.swift in Sources */ = {isa = PBXBuildFile; fileRef = 466D81E420CFB7DF00DA89DA /* Constants.swift */; };
		466D81E820CFB9AD00DA89DA /* FeedListViewController.swift in Sources */ = {isa = PBXBuildFile; fileRef = 466D81E720CFB9AD00DA89DA /* FeedListViewController.swift */; };
		466D81EB20CFBA8300DA89DA /* ImageDetailsViewController.swift in Sources */ = {isa = PBXBuildFile; fileRef = 466D81EA20CFBA8300DA89DA /* ImageDetailsViewController.swift */; };
		466D81EE20CFBBF300DA89DA /* ImageFeed.swift in Sources */ = {isa = PBXBuildFile; fileRef = 466D81ED20CFBBF300DA89DA /* ImageFeed.swift */; };
		466D81F020CFC10600DA89DA /* ResponseParser.swift in Sources */ = {isa = PBXBuildFile; fileRef = 466D81EF20CFC10600DA89DA /* ResponseParser.swift */; };
		466D81F320CFC25200DA89DA /* NetworkError.swift in Sources */ = {isa = PBXBuildFile; fileRef = 466D81F220CFC25200DA89DA /* NetworkError.swift */; };
		466D81F520CFCAD000DA89DA /* ResponseParserTests.swift in Sources */ = {isa = PBXBuildFile; fileRef = 466D81F420CFCAD000DA89DA /* ResponseParserTests.swift */; };
		466D81F820CFDBBF00DA89DA /* ImageFeedCell.swift in Sources */ = {isa = PBXBuildFile; fileRef = 466D81F720CFDBBF00DA89DA /* ImageFeedCell.swift */; };
		466D81FA20CFDBCF00DA89DA /* WaterfallLayout.swift in Sources */ = {isa = PBXBuildFile; fileRef = 466D81F920CFDBCF00DA89DA /* WaterfallLayout.swift */; };
		466D81FC20CFDF0A00DA89DA /* ImageFeedViewModel.swift in Sources */ = {isa = PBXBuildFile; fileRef = 466D81FB20CFDF0A00DA89DA /* ImageFeedViewModel.swift */; };
		466D81FF20D0AB9200DA89DA /* LoadingMaskView.swift in Sources */ = {isa = PBXBuildFile; fileRef = 466D81FE20D0AB9200DA89DA /* LoadingMaskView.swift */; };
/* End PBXBuildFile section */

/* Begin PBXContainerItemProxy section */
		466D81CE20CFB18300DA89DA /* PBXContainerItemProxy */ = {
			isa = PBXContainerItemProxy;
			containerPortal = 466D81B120CFB18100DA89DA /* Project object */;
			proxyType = 1;
			remoteGlobalIDString = 466D81B820CFB18100DA89DA;
			remoteInfo = ImageFeed;
		};
/* End PBXContainerItemProxy section */

/* Begin PBXFileReference section */
		466D81B920CFB18100DA89DA /* ImageFeed.app */ = {isa = PBXFileReference; explicitFileType = wrapper.application; includeInIndex = 0; path = ImageFeed.app; sourceTree = BUILT_PRODUCTS_DIR; };
		466D81BC20CFB18100DA89DA /* AppDelegate.swift */ = {isa = PBXFileReference; lastKnownFileType = sourcecode.swift; path = AppDelegate.swift; sourceTree = "<group>"; };
		466D81C120CFB18100DA89DA /* Base */ = {isa = PBXFileReference; lastKnownFileType = file.storyboard; name = Base; path = Base.lproj/Main.storyboard; sourceTree = "<group>"; };
		466D81C320CFB18200DA89DA /* Assets.xcassets */ = {isa = PBXFileReference; lastKnownFileType = folder.assetcatalog; path = Assets.xcassets; sourceTree = "<group>"; };
		466D81C620CFB18200DA89DA /* Base */ = {isa = PBXFileReference; lastKnownFileType = file.storyboard; name = Base; path = Base.lproj/LaunchScreen.storyboard; sourceTree = "<group>"; };
		466D81C820CFB18200DA89DA /* Info.plist */ = {isa = PBXFileReference; lastKnownFileType = text.plist.xml; path = Info.plist; sourceTree = "<group>"; };
		466D81CD20CFB18300DA89DA /* ImageFeedTests.xctest */ = {isa = PBXFileReference; explicitFileType = wrapper.cfbundle; includeInIndex = 0; path = ImageFeedTests.xctest; sourceTree = BUILT_PRODUCTS_DIR; };
		466D81D120CFB18300DA89DA /* ImageFeedTests.swift */ = {isa = PBXFileReference; lastKnownFileType = sourcecode.swift; path = ImageFeedTests.swift; sourceTree = "<group>"; };
		466D81D320CFB18300DA89DA /* Info.plist */ = {isa = PBXFileReference; lastKnownFileType = text.plist.xml; path = Info.plist; sourceTree = "<group>"; };
		466D81E120CFB6EA00DA89DA /* RequestFactory.swift */ = {isa = PBXFileReference; lastKnownFileType = sourcecode.swift; path = RequestFactory.swift; sourceTree = "<group>"; };
		466D81E420CFB7DF00DA89DA /* Constants.swift */ = {isa = PBXFileReference; lastKnownFileType = sourcecode.swift; path = Constants.swift; sourceTree = "<group>"; };
		466D81E720CFB9AD00DA89DA /* FeedListViewController.swift */ = {isa = PBXFileReference; lastKnownFileType = sourcecode.swift; path = FeedListViewController.swift; sourceTree = "<group>"; };
		466D81EA20CFBA8300DA89DA /* ImageDetailsViewController.swift */ = {isa = PBXFileReference; lastKnownFileType = sourcecode.swift; path = ImageDetailsViewController.swift; sourceTree = "<group>"; };
		466D81ED20CFBBF300DA89DA /* ImageFeed.swift */ = {isa = PBXFileReference; lastKnownFileType = sourcecode.swift; path = ImageFeed.swift; sourceTree = "<group>"; };
		466D81EF20CFC10600DA89DA /* ResponseParser.swift */ = {isa = PBXFileReference; lastKnownFileType = sourcecode.swift; path = ResponseParser.swift; sourceTree = "<group>"; };
		466D81F220CFC25200DA89DA /* NetworkError.swift */ = {isa = PBXFileReference; lastKnownFileType = sourcecode.swift; path = NetworkError.swift; sourceTree = "<group>"; };
		466D81F420CFCAD000DA89DA /* ResponseParserTests.swift */ = {isa = PBXFileReference; lastKnownFileType = sourcecode.swift; path = ResponseParserTests.swift; sourceTree = "<group>"; };
		466D81F720CFDBBF00DA89DA /* ImageFeedCell.swift */ = {isa = PBXFileReference; lastKnownFileType = sourcecode.swift; path = ImageFeedCell.swift; sourceTree = "<group>"; };
		466D81F920CFDBCF00DA89DA /* WaterfallLayout.swift */ = {isa = PBXFileReference; lastKnownFileType = sourcecode.swift; path = WaterfallLayout.swift; sourceTree = "<group>"; };
		466D81FB20CFDF0A00DA89DA /* ImageFeedViewModel.swift */ = {isa = PBXFileReference; lastKnownFileType = sourcecode.swift; path = ImageFeedViewModel.swift; sourceTree = "<group>"; };
		466D81FE20D0AB9200DA89DA /* LoadingMaskView.swift */ = {isa = PBXFileReference; lastKnownFileType = sourcecode.swift; path = LoadingMaskView.swift; sourceTree = "<group>"; };
/* End PBXFileReference section */

/* Begin PBXFrameworksBuildPhase section */
		466D81B620CFB18100DA89DA /* Frameworks */ = {
			isa = PBXFrameworksBuildPhase;
			buildActionMask = 2147483647;
			files = (
			);
			runOnlyForDeploymentPostprocessing = 0;
		};
		466D81CA20CFB18300DA89DA /* Frameworks */ = {
			isa = PBXFrameworksBuildPhase;
			buildActionMask = 2147483647;
			files = (
			);
			runOnlyForDeploymentPostprocessing = 0;
		};
/* End PBXFrameworksBuildPhase section */

/* Begin PBXGroup section */
		466D81B020CFB18100DA89DA = {
			isa = PBXGroup;
			children = (
				466D81BB20CFB18100DA89DA /* ImageFeed */,
				466D81D020CFB18300DA89DA /* ImageFeedTests */,
				466D81BA20CFB18100DA89DA /* Products */,
			);
			sourceTree = "<group>";
		};
		466D81BA20CFB18100DA89DA /* Products */ = {
			isa = PBXGroup;
			children = (
				466D81B920CFB18100DA89DA /* ImageFeed.app */,
				466D81CD20CFB18300DA89DA /* ImageFeedTests.xctest */,
			);
			name = Products;
			sourceTree = "<group>";
		};
		466D81BB20CFB18100DA89DA /* ImageFeed */ = {
			isa = PBXGroup;
			children = (
				466D81FD20D0AA2400DA89DA /* CustomViews */,
				466D81F120CFC1FE00DA89DA /* Errors */,
				466D81EC20CFBBCF00DA89DA /* Models */,
				466D81E320CFB7D000DA89DA /* Constants */,
				466D81DE20CFB50C00DA89DA /* Extensions */,
				466D81DD20CFB50400DA89DA /* Network */,
				466D81DC20CFB4FB00DA89DA /* Components */,
				466D81BC20CFB18100DA89DA /* AppDelegate.swift */,
				466D81C020CFB18100DA89DA /* Main.storyboard */,
				466D81C320CFB18200DA89DA /* Assets.xcassets */,
				466D81C520CFB18200DA89DA /* LaunchScreen.storyboard */,
				466D81C820CFB18200DA89DA /* Info.plist */,
			);
			path = ImageFeed;
			sourceTree = "<group>";
		};
		466D81D020CFB18300DA89DA /* ImageFeedTests */ = {
			isa = PBXGroup;
			children = (
				466D81D120CFB18300DA89DA /* ImageFeedTests.swift */,
				466D81D320CFB18300DA89DA /* Info.plist */,
				466D81F420CFCAD000DA89DA /* ResponseParserTests.swift */,
			);
			path = ImageFeedTests;
			sourceTree = "<group>";
		};
		466D81DC20CFB4FB00DA89DA /* Components */ = {
			isa = PBXGroup;
			children = (
				466D81E920CFBA7100DA89DA /* ImageDetails */,
				466D81E620CFB93F00DA89DA /* ImageFeedList */,
			);
			path = Components;
			sourceTree = "<group>";
		};
		466D81DD20CFB50400DA89DA /* Network */ = {
			isa = PBXGroup;
			children = (
				466D81E120CFB6EA00DA89DA /* RequestFactory.swift */,
				466D81EF20CFC10600DA89DA /* ResponseParser.swift */,
			);
			path = Network;
			sourceTree = "<group>";
		};
		466D81DE20CFB50C00DA89DA /* Extensions */ = {
			isa = PBXGroup;
			children = (
			);
			path = Extensions;
			sourceTree = "<group>";
		};
		466D81E320CFB7D000DA89DA /* Constants */ = {
			isa = PBXGroup;
			children = (
				466D81E420CFB7DF00DA89DA /* Constants.swift */,
			);
			path = Constants;
			sourceTree = "<group>";
		};
		466D81E620CFB93F00DA89DA /* ImageFeedList */ = {
			isa = PBXGroup;
			children = (
				466D81F620CFDB9900DA89DA /* CollectionView */,
				466D81E720CFB9AD00DA89DA /* FeedListViewController.swift */,
				466D81FB20CFDF0A00DA89DA /* ImageFeedViewModel.swift */,
			);
			path = ImageFeedList;
			sourceTree = "<group>";
		};
		466D81E920CFBA7100DA89DA /* ImageDetails */ = {
			isa = PBXGroup;
			children = (
				466D81EA20CFBA8300DA89DA /* ImageDetailsViewController.swift */,
			);
			path = ImageDetails;
			sourceTree = "<group>";
		};
		466D81EC20CFBBCF00DA89DA /* Models */ = {
			isa = PBXGroup;
			children = (
				466D81ED20CFBBF300DA89DA /* ImageFeed.swift */,
			);
			path = Models;
			sourceTree = "<group>";
		};
		466D81F120CFC1FE00DA89DA /* Errors */ = {
			isa = PBXGroup;
			children = (
				466D81F220CFC25200DA89DA /* NetworkError.swift */,
			);
			path = Errors;
			sourceTree = "<group>";
		};
		466D81F620CFDB9900DA89DA /* CollectionView */ = {
			isa = PBXGroup;
			children = (
				466D81F720CFDBBF00DA89DA /* ImageFeedCell.swift */,
				466D81F920CFDBCF00DA89DA /* WaterfallLayout.swift */,
			);
			path = CollectionView;
			sourceTree = "<group>";
		};
		466D81FD20D0AA2400DA89DA /* CustomViews */ = {
			isa = PBXGroup;
			children = (
				466D81FE20D0AB9200DA89DA /* LoadingMaskView.swift */,
			);
			path = CustomViews;
			sourceTree = "<group>";
		};
/* End PBXGroup section */

/* Begin PBXNativeTarget section */
		466D81B820CFB18100DA89DA /* ImageFeed */ = {
			isa = PBXNativeTarget;
			buildConfigurationList = 466D81D620CFB18300DA89DA /* Build configuration list for PBXNativeTarget "ImageFeed" */;
			buildPhases = (
				466D81B520CFB18100DA89DA /* Sources */,
				466D81B620CFB18100DA89DA /* Frameworks */,
				466D81B720CFB18100DA89DA /* Resources */,
			);
			buildRules = (
			);
			dependencies = (
			);
			name = ImageFeed;
			productName = ImageFeed;
			productReference = 466D81B920CFB18100DA89DA /* ImageFeed.app */;
			productType = "com.apple.product-type.application";
		};
		466D81CC20CFB18300DA89DA /* ImageFeedTests */ = {
			isa = PBXNativeTarget;
			buildConfigurationList = 466D81D920CFB18300DA89DA /* Build configuration list for PBXNativeTarget "ImageFeedTests" */;
			buildPhases = (
				466D81C920CFB18300DA89DA /* Sources */,
				466D81CA20CFB18300DA89DA /* Frameworks */,
				466D81CB20CFB18300DA89DA /* Resources */,
			);
			buildRules = (
			);
			dependencies = (
				466D81CF20CFB18300DA89DA /* PBXTargetDependency */,
			);
			name = ImageFeedTests;
			productName = ImageFeedTests;
			productReference = 466D81CD20CFB18300DA89DA /* ImageFeedTests.xctest */;
			productType = "com.apple.product-type.bundle.unit-test";
		};
/* End PBXNativeTarget section */

/* Begin PBXProject section */
		466D81B120CFB18100DA89DA /* Project object */ = {
			isa = PBXProject;
			attributes = {
				LastSwiftUpdateCheck = 0940;
				LastUpgradeCheck = 0940;
				ORGANIZATIONNAME = "Henry Miao";
				TargetAttributes = {
					466D81B820CFB18100DA89DA = {
						CreatedOnToolsVersion = 9.4;
					};
					466D81CC20CFB18300DA89DA = {
						CreatedOnToolsVersion = 9.4;
						TestTargetID = 466D81B820CFB18100DA89DA;
					};
				};
			};
			buildConfigurationList = 466D81B420CFB18100DA89DA /* Build configuration list for PBXProject "ImageFeed" */;
			compatibilityVersion = "Xcode 9.3";
			developmentRegion = en;
			hasScannedForEncodings = 0;
			knownRegions = (
				en,
				Base,
			);
			mainGroup = 466D81B020CFB18100DA89DA;
			productRefGroup = 466D81BA20CFB18100DA89DA /* Products */;
			projectDirPath = "";
			projectRoot = "";
			targets = (
				466D81B820CFB18100DA89DA /* ImageFeed */,
				466D81CC20CFB18300DA89DA /* ImageFeedTests */,
			);
		};
/* End PBXProject section */

/* Begin PBXResourcesBuildPhase section */
		466D81B720CFB18100DA89DA /* Resources */ = {
			isa = PBXResourcesBuildPhase;
			buildActionMask = 2147483647;
			files = (
				466D81C720CFB18200DA89DA /* LaunchScreen.storyboard in Resources */,
				466D81C420CFB18200DA89DA /* Assets.xcassets in Resources */,
				466D81C220CFB18100DA89DA /* Main.storyboard in Resources */,
			);
			runOnlyForDeploymentPostprocessing = 0;
		};
		466D81CB20CFB18300DA89DA /* Resources */ = {
			isa = PBXResourcesBuildPhase;
			buildActionMask = 2147483647;
			files = (
			);
			runOnlyForDeploymentPostprocessing = 0;
		};
/* End PBXResourcesBuildPhase section */

/* Begin PBXSourcesBuildPhase section */
		466D81B520CFB18100DA89DA /* Sources */ = {
			isa = PBXSourcesBuildPhase;
			buildActionMask = 2147483647;
			files = (
				466D81E220CFB6EA00DA89DA /* RequestFactory.swift in Sources */,
				466D81EE20CFBBF300DA89DA /* ImageFeed.swift in Sources */,
				466D81E820CFB9AD00DA89DA /* FeedListViewController.swift in Sources */,
				466D81BD20CFB18100DA89DA /* AppDelegate.swift in Sources */,
				466D81E520CFB7DF00DA89DA /* Constants.swift in Sources */,
				466D81EB20CFBA8300DA89DA /* ImageDetailsViewController.swift in Sources */,
				466D81F320CFC25200DA89DA /* NetworkError.swift in Sources */,
				466D81F020CFC10600DA89DA /* ResponseParser.swift in Sources */,
				466D81FA20CFDBCF00DA89DA /* WaterfallLayout.swift in Sources */,
				466D81FF20D0AB9200DA89DA /* LoadingMaskView.swift in Sources */,
				466D81FC20CFDF0A00DA89DA /* ImageFeedViewModel.swift in Sources */,
				466D81F820CFDBBF00DA89DA /* ImageFeedCell.swift in Sources */,
			);
			runOnlyForDeploymentPostprocessing = 0;
		};
		466D81C920CFB18300DA89DA /* Sources */ = {
			isa = PBXSourcesBuildPhase;
			buildActionMask = 2147483647;
			files = (
				466D81D220CFB18300DA89DA /* ImageFeedTests.swift in Sources */,
				466D81F520CFCAD000DA89DA /* ResponseParserTests.swift in Sources */,
			);
			runOnlyForDeploymentPostprocessing = 0;
		};
/* End PBXSourcesBuildPhase section */

/* Begin PBXTargetDependency section */
		466D81CF20CFB18300DA89DA /* PBXTargetDependency */ = {
			isa = PBXTargetDependency;
			target = 466D81B820CFB18100DA89DA /* ImageFeed */;
			targetProxy = 466D81CE20CFB18300DA89DA /* PBXContainerItemProxy */;
		};
/* End PBXTargetDependency section */

/* Begin PBXVariantGroup section */
		466D81C020CFB18100DA89DA /* Main.storyboard */ = {
			isa = PBXVariantGroup;
			children = (
				466D81C120CFB18100DA89DA /* Base */,
			);
			name = Main.storyboard;
			sourceTree = "<group>";
		};
		466D81C520CFB18200DA89DA /* LaunchScreen.storyboard */ = {
			isa = PBXVariantGroup;
			children = (
				466D81C620CFB18200DA89DA /* Base */,
			);
			name = LaunchScreen.storyboard;
			sourceTree = "<group>";
		};
/* End PBXVariantGroup section */

/* Begin XCBuildConfiguration section */
		466D81D420CFB18300DA89DA /* Debug */ = {
			isa = XCBuildConfiguration;
			buildSettings = {
				ALWAYS_SEARCH_USER_PATHS = NO;
				CLANG_ANALYZER_NONNULL = YES;
				CLANG_ANALYZER_NUMBER_OBJECT_CONVERSION = YES_AGGRESSIVE;
				CLANG_CXX_LANGUAGE_STANDARD = "gnu++14";
				CLANG_CXX_LIBRARY = "libc++";
				CLANG_ENABLE_MODULES = YES;
				CLANG_ENABLE_OBJC_ARC = YES;
				CLANG_ENABLE_OBJC_WEAK = YES;
				CLANG_WARN_BLOCK_CAPTURE_AUTORELEASING = YES;
				CLANG_WARN_BOOL_CONVERSION = YES;
				CLANG_WARN_COMMA = YES;
				CLANG_WARN_CONSTANT_CONVERSION = YES;
				CLANG_WARN_DEPRECATED_OBJC_IMPLEMENTATIONS = YES;
				CLANG_WARN_DIRECT_OBJC_ISA_USAGE = YES_ERROR;
				CLANG_WARN_DOCUMENTATION_COMMENTS = YES;
				CLANG_WARN_EMPTY_BODY = YES;
				CLANG_WARN_ENUM_CONVERSION = YES;
				CLANG_WARN_INFINITE_RECURSION = YES;
				CLANG_WARN_INT_CONVERSION = YES;
				CLANG_WARN_NON_LITERAL_NULL_CONVERSION = YES;
				CLANG_WARN_OBJC_IMPLICIT_RETAIN_SELF = YES;
				CLANG_WARN_OBJC_LITERAL_CONVERSION = YES;
				CLANG_WARN_OBJC_ROOT_CLASS = YES_ERROR;
				CLANG_WARN_RANGE_LOOP_ANALYSIS = YES;
				CLANG_WARN_STRICT_PROTOTYPES = YES;
				CLANG_WARN_SUSPICIOUS_MOVE = YES;
				CLANG_WARN_UNGUARDED_AVAILABILITY = YES_AGGRESSIVE;
				CLANG_WARN_UNREACHABLE_CODE = YES;
				CLANG_WARN__DUPLICATE_METHOD_MATCH = YES;
				CODE_SIGN_IDENTITY = "iPhone Developer";
				COPY_PHASE_STRIP = NO;
				DEBUG_INFORMATION_FORMAT = dwarf;
				ENABLE_STRICT_OBJC_MSGSEND = YES;
				ENABLE_TESTABILITY = YES;
				GCC_C_LANGUAGE_STANDARD = gnu11;
				GCC_DYNAMIC_NO_PIC = NO;
				GCC_NO_COMMON_BLOCKS = YES;
				GCC_OPTIMIZATION_LEVEL = 0;
				GCC_PREPROCESSOR_DEFINITIONS = (
					"DEBUG=1",
					"$(inherited)",
				);
				GCC_WARN_64_TO_32_BIT_CONVERSION = YES;
				GCC_WARN_ABOUT_RETURN_TYPE = YES_ERROR;
				GCC_WARN_UNDECLARED_SELECTOR = YES;
				GCC_WARN_UNINITIALIZED_AUTOS = YES_AGGRESSIVE;
				GCC_WARN_UNUSED_FUNCTION = YES;
				GCC_WARN_UNUSED_VARIABLE = YES;
				IPHONEOS_DEPLOYMENT_TARGET = 11.4;
				MTL_ENABLE_DEBUG_INFO = YES;
				ONLY_ACTIVE_ARCH = YES;
				SDKROOT = iphoneos;
				SWIFT_ACTIVE_COMPILATION_CONDITIONS = DEBUG;
				SWIFT_OPTIMIZATION_LEVEL = "-Onone";
			};
			name = Debug;
		};
		466D81D520CFB18300DA89DA /* Release */ = {
			isa = XCBuildConfiguration;
			buildSettings = {
				ALWAYS_SEARCH_USER_PATHS = NO;
				CLANG_ANALYZER_NONNULL = YES;
				CLANG_ANALYZER_NUMBER_OBJECT_CONVERSION = YES_AGGRESSIVE;
				CLANG_CXX_LANGUAGE_STANDARD = "gnu++14";
				CLANG_CXX_LIBRARY = "libc++";
				CLANG_ENABLE_MODULES = YES;
				CLANG_ENABLE_OBJC_ARC = YES;
				CLANG_ENABLE_OBJC_WEAK = YES;
				CLANG_WARN_BLOCK_CAPTURE_AUTORELEASING = YES;
				CLANG_WARN_BOOL_CONVERSION = YES;
				CLANG_WARN_COMMA = YES;
				CLANG_WARN_CONSTANT_CONVERSION = YES;
				CLANG_WARN_DEPRECATED_OBJC_IMPLEMENTATIONS = YES;
				CLANG_WARN_DIRECT_OBJC_ISA_USAGE = YES_ERROR;
				CLANG_WARN_DOCUMENTATION_COMMENTS = YES;
				CLANG_WARN_EMPTY_BODY = YES;
				CLANG_WARN_ENUM_CONVERSION = YES;
				CLANG_WARN_INFINITE_RECURSION = YES;
				CLANG_WARN_INT_CONVERSION = YES;
				CLANG_WARN_NON_LITERAL_NULL_CONVERSION = YES;
				CLANG_WARN_OBJC_IMPLICIT_RETAIN_SELF = YES;
				CLANG_WARN_OBJC_LITERAL_CONVERSION = YES;
				CLANG_WARN_OBJC_ROOT_CLASS = YES_ERROR;
				CLANG_WARN_RANGE_LOOP_ANALYSIS = YES;
				CLANG_WARN_STRICT_PROTOTYPES = YES;
				CLANG_WARN_SUSPICIOUS_MOVE = YES;
				CLANG_WARN_UNGUARDED_AVAILABILITY = YES_AGGRESSIVE;
				CLANG_WARN_UNREACHABLE_CODE = YES;
				CLANG_WARN__DUPLICATE_METHOD_MATCH = YES;
				CODE_SIGN_IDENTITY = "iPhone Developer";
				COPY_PHASE_STRIP = NO;
				DEBUG_INFORMATION_FORMAT = "dwarf-with-dsym";
				ENABLE_NS_ASSERTIONS = NO;
				ENABLE_STRICT_OBJC_MSGSEND = YES;
				GCC_C_LANGUAGE_STANDARD = gnu11;
				GCC_NO_COMMON_BLOCKS = YES;
				GCC_WARN_64_TO_32_BIT_CONVERSION = YES;
				GCC_WARN_ABOUT_RETURN_TYPE = YES_ERROR;
				GCC_WARN_UNDECLARED_SELECTOR = YES;
				GCC_WARN_UNINITIALIZED_AUTOS = YES_AGGRESSIVE;
				GCC_WARN_UNUSED_FUNCTION = YES;
				GCC_WARN_UNUSED_VARIABLE = YES;
				IPHONEOS_DEPLOYMENT_TARGET = 11.4;
				MTL_ENABLE_DEBUG_INFO = NO;
				SDKROOT = iphoneos;
				SWIFT_COMPILATION_MODE = wholemodule;
				SWIFT_OPTIMIZATION_LEVEL = "-O";
				VALIDATE_PRODUCT = YES;
			};
			name = Release;
		};
		466D81D720CFB18300DA89DA /* Debug */ = {
			isa = XCBuildConfiguration;
			buildSettings = {
				ASSETCATALOG_COMPILER_APPICON_NAME = AppIcon;
				CODE_SIGN_STYLE = Automatic;
				DEVELOPMENT_TEAM = MC5L25YZLD;
				INFOPLIST_FILE = ImageFeed/Info.plist;
				IPHONEOS_DEPLOYMENT_TARGET = 8.0;
				LD_RUNPATH_SEARCH_PATHS = (
					"$(inherited)",
					"@executable_path/Frameworks",
				);
				PRODUCT_BUNDLE_IDENTIFIER = info.herkuang.ImageFeed;
				PRODUCT_NAME = "$(TARGET_NAME)";
				SWIFT_VERSION = 4.0;
				TARGETED_DEVICE_FAMILY = "1,2";
			};
			name = Debug;
		};
		466D81D820CFB18300DA89DA /* Release */ = {
			isa = XCBuildConfiguration;
			buildSettings = {
				ASSETCATALOG_COMPILER_APPICON_NAME = AppIcon;
				CODE_SIGN_STYLE = Automatic;
				DEVELOPMENT_TEAM = MC5L25YZLD;
				INFOPLIST_FILE = ImageFeed/Info.plist;
				IPHONEOS_DEPLOYMENT_TARGET = 8.0;
				LD_RUNPATH_SEARCH_PATHS = (
					"$(inherited)",
					"@executable_path/Frameworks",
				);
				PRODUCT_BUNDLE_IDENTIFIER = info.herkuang.ImageFeed;
				PRODUCT_NAME = "$(TARGET_NAME)";
				SWIFT_VERSION = 4.0;
				TARGETED_DEVICE_FAMILY = "1,2";
			};
			name = Release;
		};
		466D81DA20CFB18300DA89DA /* Debug */ = {
			isa = XCBuildConfiguration;
			buildSettings = {
				ALWAYS_EMBED_SWIFT_STANDARD_LIBRARIES = YES;
				BUNDLE_LOADER = "$(TEST_HOST)";
				CODE_SIGN_STYLE = Automatic;
				DEVELOPMENT_TEAM = MC5L25YZLD;
				INFOPLIST_FILE = ImageFeedTests/Info.plist;
				LD_RUNPATH_SEARCH_PATHS = (
					"$(inherited)",
					"@executable_path/Frameworks",
					"@loader_path/Frameworks",
				);
				PRODUCT_BUNDLE_IDENTIFIER = info.herkuang.ImageFeedTests;
				PRODUCT_NAME = "$(TARGET_NAME)";
				SWIFT_VERSION = 4.0;
				TARGETED_DEVICE_FAMILY = "1,2";
				TEST_HOST = "$(BUILT_PRODUCTS_DIR)/ImageFeed.app/ImageFeed";
			};
			name = Debug;
		};
		466D81DB20CFB18300DA89DA /* Release */ = {
			isa = XCBuildConfiguration;
			buildSettings = {
				ALWAYS_EMBED_SWIFT_STANDARD_LIBRARIES = YES;
				BUNDLE_LOADER = "$(TEST_HOST)";
				CODE_SIGN_STYLE = Automatic;
				DEVELOPMENT_TEAM = MC5L25YZLD;
				INFOPLIST_FILE = ImageFeedTests/Info.plist;
				LD_RUNPATH_SEARCH_PATHS = (
					"$(inherited)",
					"@executable_path/Frameworks",
					"@loader_path/Frameworks",
				);
				PRODUCT_BUNDLE_IDENTIFIER = info.herkuang.ImageFeedTests;
				PRODUCT_NAME = "$(TARGET_NAME)";
				SWIFT_VERSION = 4.0;
				TARGETED_DEVICE_FAMILY = "1,2";
				TEST_HOST = "$(BUILT_PRODUCTS_DIR)/ImageFeed.app/ImageFeed";
			};
			name = Release;
		};
/* End XCBuildConfiguration section */

/* Begin XCConfigurationList section */
		466D81B420CFB18100DA89DA /* Build configuration list for PBXProject "ImageFeed" */ = {
			isa = XCConfigurationList;
			buildConfigurations = (
				466D81D420CFB18300DA89DA /* Debug */,
				466D81D520CFB18300DA89DA /* Release */,
			);
			defaultConfigurationIsVisible = 0;
			defaultConfigurationName = Release;
		};
		466D81D620CFB18300DA89DA /* Build configuration list for PBXNativeTarget "ImageFeed" */ = {
			isa = XCConfigurationList;
			buildConfigurations = (
				466D81D720CFB18300DA89DA /* Debug */,
				466D81D820CFB18300DA89DA /* Release */,
			);
			defaultConfigurationIsVisible = 0;
			defaultConfigurationName = Release;
		};
		466D81D920CFB18300DA89DA /* Build configuration list for PBXNativeTarget "ImageFeedTests" */ = {
			isa = XCConfigurationList;
			buildConfigurations = (
				466D81DA20CFB18300DA89DA /* Debug */,
				466D81DB20CFB18300DA89DA /* Release */,
			);
			defaultConfigurationIsVisible = 0;
			defaultConfigurationName = Release;
		};
/* End XCConfigurationList section */
	};
	rootObject = 466D81B120CFB18100DA89DA /* Project object */;
}
